
Microsoft Visual Studio Solution File, Format Version 12.00
# Visual Studio Version 17
VisualStudioVersion = 17.7.34031.279
MinimumVisualStudioVersion = 10.0.40219.1
Project("{9A19103F-16F7-4668-BE54-9A1E7A4F7556}") = "AdaptEMS.Entities", "AdaptEMS.Entities\AdaptEMS.Entities.csproj", "{87ADD3F9-8EA3-4A92-BA29-EB543DF77561}"
EndProject
Project("{9A19103F-16F7-4668-BE54-9A1E7A4F7556}") = "AdaptEMS.Web", "AdaptEMS.Web\AdaptEMS.Web.csproj", "{4B4BE4E6-D669-419B-AC8D-C10235B7E01C}"
EndProject
Project("{FAE04EC0-301F-11D3-BF4B-00C04F79EFBC}") = "AdaptEMS.API", "AdaptEMS.API\AdaptEMS.API.csproj", "{FF6B744F-0D34-46FC-9FA3-54FB6CD5553A}"
EndProject
Global
	GlobalSection(SolutionConfigurationPlatforms) = preSolution
		Debug|Any CPU = Debug|Any CPU
		Release|Any CPU = Release|Any CPU
	EndGlobalSection
	GlobalSection(ProjectConfigurationPlatforms) = postSolution
		{87ADD3F9-8EA3-4A92-BA29-EB543DF77561}.Debug|Any CPU.ActiveCfg = Debug|Any CPU
		{87ADD3F9-8EA3-4A92-BA29-EB543DF77561}.Debug|Any CPU.Build.0 = Debug|Any CPU
		{87ADD3F9-8EA3-4A92-BA29-EB543DF77561}.Release|Any CPU.ActiveCfg = Release|Any CPU
		{87ADD3F9-8EA3-4A92-BA29-EB543DF77561}.Release|Any CPU.Build.0 = Release|Any CPU
		{4B4BE4E6-D669-419B-AC8D-C10235B7E01C}.Debug|Any CPU.ActiveCfg = Debug|Any CPU
		{4B4BE4E6-D669-419B-AC8D-C10235B7E01C}.Debug|Any CPU.Build.0 = Debug|Any CPU
		{4B4BE4E6-D669-419B-AC8D-C10235B7E01C}.Release|Any CPU.ActiveCfg = Release|Any CPU
		{4B4BE4E6-D669-419B-AC8D-C10235B7E01C}.Release|Any CPU.Build.0 = Release|Any CPU
		{FF6B744F-0D34-46FC-9FA3-54FB6CD5553A}.Debug|Any CPU.ActiveCfg = Debug|Any CPU
		{FF6B744F-0D34-46FC-9FA3-54FB6CD5553A}.Debug|Any CPU.Build.0 = Debug|Any CPU
		{FF6B744F-0D34-46FC-9FA3-54FB6CD5553A}.Release|Any CPU.ActiveCfg = Release|Any CPU
		{FF6B744F-0D34-46FC-9FA3-54FB6CD5553A}.Release|Any CPU.Build.0 = Release|Any CPU
	EndGlobalSection
	GlobalSection(SolutionProperties) = preSolution
		HideSolutionNode = FALSE
	EndGlobalSection
	GlobalSection(ExtensibilityGlobals) = postSolution
		SolutionGuid = {68E187DF-BDEE-4CC6-828B-0D6C1EACCB09}
	EndGlobalSection
EndGlobal
